
Microsoft Visual Studio Solution File, Format Version 12.00
# Visual Studio 15
Project("{FAE04EC0-301F-11D3-BF4B-00C04F79EFBC}") = "Assembly-CSharp", "Assembly-CSharp.csproj", "{1D11565B-66F7-5C95-C1DD-67BAA3AAE387}"
EndProject
Global
	GlobalSection(SolutionConfigurationPlatforms) = preSolution
		Debug|Any CPU = Debug|Any CPU
		Release|Any CPU = Release|Any CPU
	EndGlobalSection
	GlobalSection(ProjectConfigurationPlatforms) = postSolution
		{1D11565B-66F7-5C95-C1DD-67BAA3AAE387}.Debug|Any CPU.ActiveCfg = Debug|Any CPU
		{1D11565B-66F7-5C95-C1DD-67BAA3AAE387}.Debug|Any CPU.Build.0 = Debug|Any CPU
		{1D11565B-66F7-5C95-C1DD-67BAA3AAE387}.Release|Any CPU.ActiveCfg = Release|Any CPU
		{1D11565B-66F7-5C95-C1DD-67BAA3AAE387}.Release|Any CPU.Build.0 = Release|Any CPU
	EndGlobalSection
	GlobalSection(SolutionProperties) = preSolution
		HideSolutionNode = FALSE
	EndGlobalSection
EndGlobal
